// !$*UTF8*$!
{
	archiveVersion = 1;
	classes = {
	};
	objectVersion = 46;
	objects = {

/* Begin PBXBuildFile section */
		3B3E75A31F4FF6A5005FFCF7 /* AppDelegate.swift in Sources */ = {isa = PBXBuildFile; fileRef = 3B3E75A21F4FF6A5005FFCF7 /* AppDelegate.swift */; };
		3B3E75A51F4FF6A5005FFCF7 /* ViewController.swift in Sources */ = {isa = PBXBuildFile; fileRef = 3B3E75A41F4FF6A5005FFCF7 /* ViewController.swift */; };
		3B3E75A81F4FF6A5005FFCF7 /* Main.storyboard in Resources */ = {isa = PBXBuildFile; fileRef = 3B3E75A61F4FF6A5005FFCF7 /* Main.storyboard */; };
		3B3E75AA1F4FF6A5005FFCF7 /* Assets.xcassets in Resources */ = {isa = PBXBuildFile; fileRef = 3B3E75A91F4FF6A5005FFCF7 /* Assets.xcassets */; };
		3B3E75AD1F4FF6A5005FFCF7 /* LaunchScreen.storyboard in Resources */ = {isa = PBXBuildFile; fileRef = 3B3E75AB1F4FF6A5005FFCF7 /* LaunchScreen.storyboard */; };
		3B3E75B81F4FF6A7005FFCF7 /* TheRedditTests.swift in Sources */ = {isa = PBXBuildFile; fileRef = 3B3E75B71F4FF6A7005FFCF7 /* TheRedditTests.swift */; };
		3B3E75C31F4FF6A7005FFCF7 /* TheRedditUITests.swift in Sources */ = {isa = PBXBuildFile; fileRef = 3B3E75C21F4FF6A7005FFCF7 /* TheRedditUITests.swift */; };
/* End PBXBuildFile section */

/* Begin PBXContainerItemProxy section */
		3B3E75B41F4FF6A7005FFCF7 /* PBXContainerItemProxy */ = {
			isa = PBXContainerItemProxy;
			containerPortal = 3B3E75971F4FF6A5005FFCF7 /* Project object */;
			proxyType = 1;
			remoteGlobalIDString = 3B3E759E1F4FF6A5005FFCF7;
			remoteInfo = TheReddit;
		};
		3B3E75BF1F4FF6A7005FFCF7 /* PBXContainerItemProxy */ = {
			isa = PBXContainerItemProxy;
			containerPortal = 3B3E75971F4FF6A5005FFCF7 /* Project object */;
			proxyType = 1;
			remoteGlobalIDString = 3B3E759E1F4FF6A5005FFCF7;
			remoteInfo = TheReddit;
		};
/* End PBXContainerItemProxy section */

/* Begin PBXFileReference section */
		3B3E759F1F4FF6A5005FFCF7 /* TheReddit.app */ = {isa = PBXFileReference; explicitFileType = wrapper.application; includeInIndex = 0; path = TheReddit.app; sourceTree = BUILT_PRODUCTS_DIR; };
		3B3E75A21F4FF6A5005FFCF7 /* AppDelegate.swift */ = {isa = PBXFileReference; lastKnownFileType = sourcecode.swift; path = AppDelegate.swift; sourceTree = "<group>"; };
		3B3E75A41F4FF6A5005FFCF7 /* ViewController.swift */ = {isa = PBXFileReference; lastKnownFileType = sourcecode.swift; path = ViewController.swift; sourceTree = "<group>"; };
		3B3E75A71F4FF6A5005FFCF7 /* Base */ = {isa = PBXFileReference; lastKnownFileType = file.storyboard; name = Base; path = Base.lproj/Main.storyboard; sourceTree = "<group>"; };
		3B3E75A91F4FF6A5005FFCF7 /* Assets.xcassets */ = {isa = PBXFileReference; lastKnownFileType = folder.assetcatalog; path = Assets.xcassets; sourceTree = "<group>"; };
		3B3E75AC1F4FF6A5005FFCF7 /* Base */ = {isa = PBXFileReference; lastKnownFileType = file.storyboard; name = Base; path = Base.lproj/LaunchScreen.storyboard; sourceTree = "<group>"; };
		3B3E75AE1F4FF6A6005FFCF7 /* Info.plist */ = {isa = PBXFileReference; lastKnownFileType = text.plist.xml; path = Info.plist; sourceTree = "<group>"; };
		3B3E75B31F4FF6A7005FFCF7 /* TheRedditTests.xctest */ = {isa = PBXFileReference; explicitFileType = wrapper.cfbundle; includeInIndex = 0; path = TheRedditTests.xctest; sourceTree = BUILT_PRODUCTS_DIR; };
		3B3E75B71F4FF6A7005FFCF7 /* TheRedditTests.swift */ = {isa = PBXFileReference; lastKnownFileType = sourcecode.swift; path = TheRedditTests.swift; sourceTree = "<group>"; };
		3B3E75B91F4FF6A7005FFCF7 /* Info.plist */ = {isa = PBXFileReference; lastKnownFileType = text.plist.xml; path = Info.plist; sourceTree = "<group>"; };
		3B3E75BE1F4FF6A7005FFCF7 /* TheRedditUITests.xctest */ = {isa = PBXFileReference; explicitFileType = wrapper.cfbundle; includeInIndex = 0; path = TheRedditUITests.xctest; sourceTree = BUILT_PRODUCTS_DIR; };
		3B3E75C21F4FF6A7005FFCF7 /* TheRedditUITests.swift */ = {isa = PBXFileReference; lastKnownFileType = sourcecode.swift; path = TheRedditUITests.swift; sourceTree = "<group>"; };
		3B3E75C41F4FF6A7005FFCF7 /* Info.plist */ = {isa = PBXFileReference; lastKnownFileType = text.plist.xml; path = Info.plist; sourceTree = "<group>"; };
/* End PBXFileReference section */

/* Begin PBXFrameworksBuildPhase section */
		3B3E759C1F4FF6A5005FFCF7 /* Frameworks */ = {
			isa = PBXFrameworksBuildPhase;
			buildActionMask = 2147483647;
			files = (
			);
			runOnlyForDeploymentPostprocessing = 0;
		};
		3B3E75B01F4FF6A7005FFCF7 /* Frameworks */ = {
			isa = PBXFrameworksBuildPhase;
			buildActionMask = 2147483647;
			files = (
			);
			runOnlyForDeploymentPostprocessing = 0;
		};
		3B3E75BB1F4FF6A7005FFCF7 /* Frameworks */ = {
			isa = PBXFrameworksBuildPhase;
			buildActionMask = 2147483647;
			files = (
			);
			runOnlyForDeploymentPostprocessing = 0;
		};
/* End PBXFrameworksBuildPhase section */

/* Begin PBXGroup section */
		3B3E75961F4FF6A5005FFCF7 = {
			isa = PBXGroup;
			children = (
				3B3E75A11F4FF6A5005FFCF7 /* TheReddit */,
				3B3E75B61F4FF6A7005FFCF7 /* TheRedditTests */,
				3B3E75C11F4FF6A7005FFCF7 /* TheRedditUITests */,
				3B3E75A01F4FF6A5005FFCF7 /* Products */,
			);
			sourceTree = "<group>";
		};
		3B3E75A01F4FF6A5005FFCF7 /* Products */ = {
			isa = PBXGroup;
			children = (
				3B3E759F1F4FF6A5005FFCF7 /* TheReddit.app */,
				3B3E75B31F4FF6A7005FFCF7 /* TheRedditTests.xctest */,
				3B3E75BE1F4FF6A7005FFCF7 /* TheRedditUITests.xctest */,
			);
			name = Products;
			sourceTree = "<group>";
		};
		3B3E75A11F4FF6A5005FFCF7 /* TheReddit */ = {
			isa = PBXGroup;
			children = (
				3B3E75A21F4FF6A5005FFCF7 /* AppDelegate.swift */,
				3B3E75A41F4FF6A5005FFCF7 /* ViewController.swift */,
				3B3E75A61F4FF6A5005FFCF7 /* Main.storyboard */,
				3B3E75A91F4FF6A5005FFCF7 /* Assets.xcassets */,
				3B3E75AB1F4FF6A5005FFCF7 /* LaunchScreen.storyboard */,
				3B3E75AE1F4FF6A6005FFCF7 /* Info.plist */,
			);
			path = TheReddit;
			sourceTree = "<group>";
		};
		3B3E75B61F4FF6A7005FFCF7 /* TheRedditTests */ = {
			isa = PBXGroup;
			children = (
				3B3E75B71F4FF6A7005FFCF7 /* TheRedditTests.swift */,
				3B3E75B91F4FF6A7005FFCF7 /* Info.plist */,
			);
			path = TheRedditTests;
			sourceTree = "<group>";
		};
		3B3E75C11F4FF6A7005FFCF7 /* TheRedditUITests */ = {
			isa = PBXGroup;
			children = (
				3B3E75C21F4FF6A7005FFCF7 /* TheRedditUITests.swift */,
				3B3E75C41F4FF6A7005FFCF7 /* Info.plist */,
			);
			path = TheRedditUITests;
			sourceTree = "<group>";
		};
/* End PBXGroup section */

/* Begin PBXNativeTarget section */
		3B3E759E1F4FF6A5005FFCF7 /* TheReddit */ = {
			isa = PBXNativeTarget;
			buildConfigurationList = 3B3E75C71F4FF6A7005FFCF7 /* Build configuration list for PBXNativeTarget "TheReddit" */;
			buildPhases = (
				3B3E759B1F4FF6A5005FFCF7 /* Sources */,
				3B3E759C1F4FF6A5005FFCF7 /* Frameworks */,
				3B3E759D1F4FF6A5005FFCF7 /* Resources */,
			);
			buildRules = (
			);
			dependencies = (
			);
			name = TheReddit;
			productName = TheReddit;
			productReference = 3B3E759F1F4FF6A5005FFCF7 /* TheReddit.app */;
			productType = "com.apple.product-type.application";
		};
		3B3E75B21F4FF6A7005FFCF7 /* TheRedditTests */ = {
			isa = PBXNativeTarget;
			buildConfigurationList = 3B3E75CA1F4FF6A7005FFCF7 /* Build configuration list for PBXNativeTarget "TheRedditTests" */;
			buildPhases = (
				3B3E75AF1F4FF6A7005FFCF7 /* Sources */,
				3B3E75B01F4FF6A7005FFCF7 /* Frameworks */,
				3B3E75B11F4FF6A7005FFCF7 /* Resources */,
			);
			buildRules = (
			);
			dependencies = (
				3B3E75B51F4FF6A7005FFCF7 /* PBXTargetDependency */,
			);
			name = TheRedditTests;
			productName = TheRedditTests;
			productReference = 3B3E75B31F4FF6A7005FFCF7 /* TheRedditTests.xctest */;
			productType = "com.apple.product-type.bundle.unit-test";
		};
		3B3E75BD1F4FF6A7005FFCF7 /* TheRedditUITests */ = {
			isa = PBXNativeTarget;
			buildConfigurationList = 3B3E75CD1F4FF6A7005FFCF7 /* Build configuration list for PBXNativeTarget "TheRedditUITests" */;
			buildPhases = (
				3B3E75BA1F4FF6A7005FFCF7 /* Sources */,
				3B3E75BB1F4FF6A7005FFCF7 /* Frameworks */,
				3B3E75BC1F4FF6A7005FFCF7 /* Resources */,
			);
			buildRules = (
			);
			dependencies = (
				3B3E75C01F4FF6A7005FFCF7 /* PBXTargetDependency */,
			);
			name = TheRedditUITests;
			productName = TheRedditUITests;
			productReference = 3B3E75BE1F4FF6A7005FFCF7 /* TheRedditUITests.xctest */;
			productType = "com.apple.product-type.bundle.ui-testing";
		};
/* End PBXNativeTarget section */

/* Begin PBXProject section */
		3B3E75971F4FF6A5005FFCF7 /* Project object */ = {
			isa = PBXProject;
			attributes = {
				LastSwiftUpdateCheck = 0830;
				LastUpgradeCheck = 0830;
				ORGANIZATIONNAME = "Inbal Tish";
				TargetAttributes = {
					3B3E759E1F4FF6A5005FFCF7 = {
						CreatedOnToolsVersion = 8.3.3;
						ProvisioningStyle = Automatic;
					};
					3B3E75B21F4FF6A7005FFCF7 = {
						CreatedOnToolsVersion = 8.3.3;
						ProvisioningStyle = Automatic;
						TestTargetID = 3B3E759E1F4FF6A5005FFCF7;
					};
					3B3E75BD1F4FF6A7005FFCF7 = {
						CreatedOnToolsVersion = 8.3.3;
						ProvisioningStyle = Automatic;
						TestTargetID = 3B3E759E1F4FF6A5005FFCF7;
					};
				};
			};
			buildConfigurationList = 3B3E759A1F4FF6A5005FFCF7 /* Build configuration list for PBXProject "TheReddit" */;
			compatibilityVersion = "Xcode 3.2";
			developmentRegion = English;
			hasScannedForEncodings = 0;
			knownRegions = (
				en,
				Base,
			);
			mainGroup = 3B3E75961F4FF6A5005FFCF7;
			productRefGroup = 3B3E75A01F4FF6A5005FFCF7 /* Products */;
			projectDirPath = "";
			projectRoot = "";
			targets = (
				3B3E759E1F4FF6A5005FFCF7 /* TheReddit */,
				3B3E75B21F4FF6A7005FFCF7 /* TheRedditTests */,
				3B3E75BD1F4FF6A7005FFCF7 /* TheRedditUITests */,
			);
		};
/* End PBXProject section */

/* Begin PBXResourcesBuildPhase section */
		3B3E759D1F4FF6A5005FFCF7 /* Resources */ = {
			isa = PBXResourcesBuildPhase;
			buildActionMask = 2147483647;
			files = (
				3B3E75AD1F4FF6A5005FFCF7 /* LaunchScreen.storyboard in Resources */,
				3B3E75AA1F4FF6A5005FFCF7 /* Assets.xcassets in Resources */,
				3B3E75A81F4FF6A5005FFCF7 /* Main.storyboard in Resources */,
			);
			runOnlyForDeploymentPostprocessing = 0;
		};
		3B3E75B11F4FF6A7005FFCF7 /* Resources */ = {
			isa = PBXResourcesBuildPhase;
			buildActionMask = 2147483647;
			files = (
			);
			runOnlyForDeploymentPostprocessing = 0;
		};
		3B3E75BC1F4FF6A7005FFCF7 /* Resources */ = {
			isa = PBXResourcesBuildPhase;
			buildActionMask = 2147483647;
			files = (
			);
			runOnlyForDeploymentPostprocessing = 0;
		};
/* End PBXResourcesBuildPhase section */

/* Begin PBXSourcesBuildPhase section */
		3B3E759B1F4FF6A5005FFCF7 /* Sources */ = {
			isa = PBXSourcesBuildPhase;
			buildActionMask = 2147483647;
			files = (
				3B3E75A51F4FF6A5005FFCF7 /* ViewController.swift in Sources */,
				3B3E75A31F4FF6A5005FFCF7 /* AppDelegate.swift in Sources */,
			);
			runOnlyForDeploymentPostprocessing = 0;
		};
		3B3E75AF1F4FF6A7005FFCF7 /* Sources */ = {
			isa = PBXSourcesBuildPhase;
			buildActionMask = 2147483647;
			files = (
				3B3E75B81F4FF6A7005FFCF7 /* TheRedditTests.swift in Sources */,
			);
			runOnlyForDeploymentPostprocessing = 0;
		};
		3B3E75BA1F4FF6A7005FFCF7 /* Sources */ = {
			isa = PBXSourcesBuildPhase;
			buildActionMask = 2147483647;
			files = (
				3B3E75C31F4FF6A7005FFCF7 /* TheRedditUITests.swift in Sources */,
			);
			runOnlyForDeploymentPostprocessing = 0;
		};
/* End PBXSourcesBuildPhase section */

/* Begin PBXTargetDependency section */
		3B3E75B51F4FF6A7005FFCF7 /* PBXTargetDependency */ = {
			isa = PBXTargetDependency;
			target = 3B3E759E1F4FF6A5005FFCF7 /* TheReddit */;
			targetProxy = 3B3E75B41F4FF6A7005FFCF7 /* PBXContainerItemProxy */;
		};
		3B3E75C01F4FF6A7005FFCF7 /* PBXTargetDependency */ = {
			isa = PBXTargetDependency;
			target = 3B3E759E1F4FF6A5005FFCF7 /* TheReddit */;
			targetProxy = 3B3E75BF1F4FF6A7005FFCF7 /* PBXContainerItemProxy */;
		};
/* End PBXTargetDependency section */

/* Begin PBXVariantGroup section */
		3B3E75A61F4FF6A5005FFCF7 /* Main.storyboard */ = {
			isa = PBXVariantGroup;
			children = (
				3B3E75A71F4FF6A5005FFCF7 /* Base */,
			);
			name = Main.storyboard;
			sourceTree = "<group>";
		};
		3B3E75AB1F4FF6A5005FFCF7 /* LaunchScreen.storyboard */ = {
			isa = PBXVariantGroup;
			children = (
				3B3E75AC1F4FF6A5005FFCF7 /* Base */,
			);
			name = LaunchScreen.storyboard;
			sourceTree = "<group>";
		};
/* End PBXVariantGroup section */

/* Begin XCBuildConfiguration section */
		3B3E75C51F4FF6A7005FFCF7 /* Debug */ = {
			isa = XCBuildConfiguration;
			buildSettings = {
				ALWAYS_SEARCH_USER_PATHS = NO;
				CLANG_ANALYZER_NONNULL = YES;
				CLANG_ANALYZER_NUMBER_OBJECT_CONVERSION = YES_AGGRESSIVE;
				CLANG_CXX_LANGUAGE_STANDARD = "gnu++0x";
				CLANG_CXX_LIBRARY = "libc++";
				CLANG_ENABLE_MODULES = YES;
				CLANG_ENABLE_OBJC_ARC = YES;
				CLANG_WARN_BOOL_CONVERSION = YES;
				CLANG_WARN_CONSTANT_CONVERSION = YES;
				CLANG_WARN_DIRECT_OBJC_ISA_USAGE = YES_ERROR;
				CLANG_WARN_DOCUMENTATION_COMMENTS = YES;
				CLANG_WARN_EMPTY_BODY = YES;
				CLANG_WARN_ENUM_CONVERSION = YES;
				CLANG_WARN_INFINITE_RECURSION = YES;
				CLANG_WARN_INT_CONVERSION = YES;
				CLANG_WARN_OBJC_ROOT_CLASS = YES_ERROR;
				CLANG_WARN_SUSPICIOUS_MOVE = YES;
				CLANG_WARN_UNREACHABLE_CODE = YES;
				CLANG_WARN__DUPLICATE_METHOD_MATCH = YES;
				"CODE_SIGN_IDENTITY[sdk=iphoneos*]" = "iPhone Developer";
				COPY_PHASE_STRIP = NO;
				DEBUG_INFORMATION_FORMAT = dwarf;
				ENABLE_STRICT_OBJC_MSGSEND = YES;
				ENABLE_TESTABILITY = YES;
				GCC_C_LANGUAGE_STANDARD = gnu99;
				GCC_DYNAMIC_NO_PIC = NO;
				GCC_NO_COMMON_BLOCKS = YES;
				GCC_OPTIMIZATION_LEVEL = 0;
				GCC_PREPROCESSOR_DEFINITIONS = (
					"DEBUG=1",
					"$(inherited)",
				);
				GCC_WARN_64_TO_32_BIT_CONVERSION = YES;
				GCC_WARN_ABOUT_RETURN_TYPE = YES_ERROR;
				GCC_WARN_UNDECLARED_SELECTOR = YES;
				GCC_WARN_UNINITIALIZED_AUTOS = YES_AGGRESSIVE;
				GCC_WARN_UNUSED_FUNCTION = YES;
				GCC_WARN_UNUSED_VARIABLE = YES;
				IPHONEOS_DEPLOYMENT_TARGET = 10.3;
				MTL_ENABLE_DEBUG_INFO = YES;
				ONLY_ACTIVE_ARCH = YES;
				SDKROOT = iphoneos;
				SWIFT_ACTIVE_COMPILATION_CONDITIONS = DEBUG;
				SWIFT_OPTIMIZATION_LEVEL = "-Onone";
				TARGETED_DEVICE_FAMILY = "1,2";
			};
			name = Debug;
		};
		3B3E75C61F4FF6A7005FFCF7 /* Release */ = {
			isa = XCBuildConfiguration;
			buildSettings = {
				ALWAYS_SEARCH_USER_PATHS = NO;
				CLANG_ANALYZER_NONNULL = YES;
				CLANG_ANALYZER_NUMBER_OBJECT_CONVERSION = YES_AGGRESSIVE;
				CLANG_CXX_LANGUAGE_STANDARD = "gnu++0x";
				CLANG_CXX_LIBRARY = "libc++";
				CLANG_ENABLE_MODULES = YES;
				CLANG_ENABLE_OBJC_ARC = YES;
				CLANG_WARN_BOOL_CONVERSION = YES;
				CLANG_WARN_CONSTANT_CONVERSION = YES;
				CLANG_WARN_DIRECT_OBJC_ISA_USAGE = YES_ERROR;
				CLANG_WARN_DOCUMENTATION_COMMENTS = YES;
				CLANG_WARN_EMPTY_BODY = YES;
				CLANG_WARN_ENUM_CONVERSION = YES;
				CLANG_WARN_INFINITE_RECURSION = YES;
				CLANG_WARN_INT_CONVERSION = YES;
				CLANG_WARN_OBJC_ROOT_CLASS = YES_ERROR;
				CLANG_WARN_SUSPICIOUS_MOVE = YES;
				CLANG_WARN_UNREACHABLE_CODE = YES;
				CLANG_WARN__DUPLICATE_METHOD_MATCH = YES;
				"CODE_SIGN_IDENTITY[sdk=iphoneos*]" = "iPhone Developer";
				COPY_PHASE_STRIP = NO;
				DEBUG_INFORMATION_FORMAT = "dwarf-with-dsym";
				ENABLE_NS_ASSERTIONS = NO;
				ENABLE_STRICT_OBJC_MSGSEND = YES;
				GCC_C_LANGUAGE_STANDARD = gnu99;
				GCC_NO_COMMON_BLOCKS = YES;
				GCC_WARN_64_TO_32_BIT_CONVERSION = YES;
				GCC_WARN_ABOUT_RETURN_TYPE = YES_ERROR;
				GCC_WARN_UNDECLARED_SELECTOR = YES;
				GCC_WARN_UNINITIALIZED_AUTOS = YES_AGGRESSIVE;
				GCC_WARN_UNUSED_FUNCTION = YES;
				GCC_WARN_UNUSED_VARIABLE = YES;
				IPHONEOS_DEPLOYMENT_TARGET = 10.3;
				MTL_ENABLE_DEBUG_INFO = NO;
				SDKROOT = iphoneos;
				SWIFT_OPTIMIZATION_LEVEL = "-Owholemodule";
				TARGETED_DEVICE_FAMILY = "1,2";
				VALIDATE_PRODUCT = YES;
			};
			name = Release;
		};
		3B3E75C81F4FF6A7005FFCF7 /* Debug */ = {
			isa = XCBuildConfiguration;
			buildSettings = {
				ASSETCATALOG_COMPILER_APPICON_NAME = AppIcon;
				INFOPLIST_FILE = TheReddit/Info.plist;
				LD_RUNPATH_SEARCH_PATHS = "$(inherited) @executable_path/Frameworks";
				PRODUCT_BUNDLE_IDENTIFIER = com.inbaltish.TheReddit;
				PRODUCT_NAME = "$(TARGET_NAME)";
				SWIFT_VERSION = 3.0;
			};
			name = Debug;
		};
		3B3E75C91F4FF6A7005FFCF7 /* Release */ = {
			isa = XCBuildConfiguration;
			buildSettings = {
				ASSETCATALOG_COMPILER_APPICON_NAME = AppIcon;
				INFOPLIST_FILE = TheReddit/Info.plist;
				LD_RUNPATH_SEARCH_PATHS = "$(inherited) @executable_path/Frameworks";
				PRODUCT_BUNDLE_IDENTIFIER = com.inbaltish.TheReddit;
				PRODUCT_NAME = "$(TARGET_NAME)";
				SWIFT_VERSION = 3.0;
			};
			name = Release;
		};
		3B3E75CB1F4FF6A7005FFCF7 /* Debug */ = {
			isa = XCBuildConfiguration;
			buildSettings = {
				ALWAYS_EMBED_SWIFT_STANDARD_LIBRARIES = YES;
				BUNDLE_LOADER = "$(TEST_HOST)";
				INFOPLIST_FILE = TheRedditTests/Info.plist;
				LD_RUNPATH_SEARCH_PATHS = "$(inherited) @executable_path/Frameworks @loader_path/Frameworks";
				PRODUCT_BUNDLE_IDENTIFIER = com.inbaltish.TheRedditTests;
				PRODUCT_NAME = "$(TARGET_NAME)";
				SWIFT_VERSION = 3.0;
				TEST_HOST = "$(BUILT_PRODUCTS_DIR)/TheReddit.app/TheReddit";
			};
			name = Debug;
		};
		3B3E75CC1F4FF6A7005FFCF7 /* Release */ = {
			isa = XCBuildConfiguration;
			buildSettings = {
				ALWAYS_EMBED_SWIFT_STANDARD_LIBRARIES = YES;
				BUNDLE_LOADER = "$(TEST_HOST)";
				INFOPLIST_FILE = TheRedditTests/Info.plist;
				LD_RUNPATH_SEARCH_PATHS = "$(inherited) @executable_path/Frameworks @loader_path/Frameworks";
				PRODUCT_BUNDLE_IDENTIFIER = com.inbaltish.TheRedditTests;
				PRODUCT_NAME = "$(TARGET_NAME)";
				SWIFT_VERSION = 3.0;
				TEST_HOST = "$(BUILT_PRODUCTS_DIR)/TheReddit.app/TheReddit";
			};
			name = Release;
		};
		3B3E75CE1F4FF6A7005FFCF7 /* Debug */ = {
			isa = XCBuildConfiguration;
			buildSettings = {
				ALWAYS_EMBED_SWIFT_STANDARD_LIBRARIES = YES;
				INFOPLIST_FILE = TheRedditUITests/Info.plist;
				LD_RUNPATH_SEARCH_PATHS = "$(inherited) @executable_path/Frameworks @loader_path/Frameworks";
				PRODUCT_BUNDLE_IDENTIFIER = com.inbaltish.TheRedditUITests;
				PRODUCT_NAME = "$(TARGET_NAME)";
				SWIFT_VERSION = 3.0;
				TEST_TARGET_NAME = TheReddit;
			};
			name = Debug;
		};
		3B3E75CF1F4FF6A7005FFCF7 /* Release */ = {
			isa = XCBuildConfiguration;
			buildSettings = {
				ALWAYS_EMBED_SWIFT_STANDARD_LIBRARIES = YES;
				INFOPLIST_FILE = TheRedditUITests/Info.plist;
				LD_RUNPATH_SEARCH_PATHS = "$(inherited) @executable_path/Frameworks @loader_path/Frameworks";
				PRODUCT_BUNDLE_IDENTIFIER = com.inbaltish.TheRedditUITests;
				PRODUCT_NAME = "$(TARGET_NAME)";
				SWIFT_VERSION = 3.0;
				TEST_TARGET_NAME = TheReddit;
			};
			name = Release;
		};
/* End XCBuildConfiguration section */

/* Begin XCConfigurationList section */
		3B3E759A1F4FF6A5005FFCF7 /* Build configuration list for PBXProject "TheReddit" */ = {
			isa = XCConfigurationList;
			buildConfigurations = (
				3B3E75C51F4FF6A7005FFCF7 /* Debug */,
				3B3E75C61F4FF6A7005FFCF7 /* Release */,
			);
			defaultConfigurationIsVisible = 0;
			defaultConfigurationName = Release;
		};
		3B3E75C71F4FF6A7005FFCF7 /* Build configuration list for PBXNativeTarget "TheReddit" */ = {
			isa = XCConfigurationList;
			buildConfigurations = (
				3B3E75C81F4FF6A7005FFCF7 /* Debug */,
				3B3E75C91F4FF6A7005FFCF7 /* Release */,
			);
			defaultConfigurationIsVisible = 0;
		};
		3B3E75CA1F4FF6A7005FFCF7 /* Build configuration list for PBXNativeTarget "TheRedditTests" */ = {
			isa = XCConfigurationList;
			buildConfigurations = (
				3B3E75CB1F4FF6A7005FFCF7 /* Debug */,
				3B3E75CC1F4FF6A7005FFCF7 /* Release */,
			);
			defaultConfigurationIsVisible = 0;
		};
		3B3E75CD1F4FF6A7005FFCF7 /* Build configuration list for PBXNativeTarget "TheRedditUITests" */ = {
			isa = XCConfigurationList;
			buildConfigurations = (
				3B3E75CE1F4FF6A7005FFCF7 /* Debug */,
				3B3E75CF1F4FF6A7005FFCF7 /* Release */,
			);
			defaultConfigurationIsVisible = 0;
		};
/* End XCConfigurationList section */
	};
	rootObject = 3B3E75971F4FF6A5005FFCF7 /* Project object */;
}
